
Microsoft Visual Studio Solution File, Format Version 12.00
# Visual Studio Version 17
VisualStudioVersion = 17.12.35527.113 d17.12
MinimumVisualStudioVersion = 10.0.40219.1
Project("{FAE04EC0-301F-11D3-BF4B-00C04F79EFBC}") = "Dental_project", "Dental_project\Dental_project.csproj", "{370AC36E-8FFB-4DA6-99BB-1DEEF058895E}"
EndProject
Global
	GlobalSection(SolutionConfigurationPlatforms) = preSolution
		Debug|Any CPU = Debug|Any CPU
		Release|Any CPU = Release|Any CPU
	EndGlobalSection
	GlobalSection(ProjectConfigurationPlatforms) = postSolution
		{370AC36E-8FFB-4DA6-99BB-1DEEF058895E}.Debug|Any CPU.ActiveCfg = Debug|Any CPU
		{370AC36E-8FFB-4DA6-99BB-1DEEF058895E}.Debug|Any CPU.Build.0 = Debug|Any CPU
		{370AC36E-8FFB-4DA6-99BB-1DEEF058895E}.Release|Any CPU.ActiveCfg = Release|Any CPU
		{370AC36E-8FFB-4DA6-99BB-1DEEF058895E}.Release|Any CPU.Build.0 = Release|Any CPU
	EndGlobalSection
	GlobalSection(SolutionProperties) = preSolution
		HideSolutionNode = FALSE
	EndGlobalSection
EndGlobal
